
Microsoft Visual Studio Solution File, Format Version 12.00
# Visual Studio Version 17
VisualStudioVersion = 17.1.31911.260
MinimumVisualStudioVersion = 10.0.40219.1
Project("{8BC9CEB8-8B4A-11D0-8D11-00A0C91BC942}") = "data-structures-list", "data-structures-list\data-structures-list.vcxproj", "{4BDE7E5A-9D91-4B62-8F5A-E108B9ED09F5}"
EndProject
Global
	GlobalSection(SolutionConfigurationPlatforms) = preSolution
		Debug|x64 = Debug|x64
		Debug|x86 = Debug|x86
		Release|x64 = Release|x64
		Release|x86 = Release|x86
	EndGlobalSection
	GlobalSection(ProjectConfigurationPlatforms) = postSolution
		{4BDE7E5A-9D91-4B62-8F5A-E108B9ED09F5}.Debug|x64.ActiveCfg = Debug|x64
		{4BDE7E5A-9D91-4B62-8F5A-E108B9ED09F5}.Debug|x64.Build.0 = Debug|x64
		{4BDE7E5A-9D91-4B62-8F5A-E108B9ED09F5}.Debug|x86.ActiveCfg = Debug|Win32
		{4BDE7E5A-9D91-4B62-8F5A-E108B9ED09F5}.Debug|x86.Build.0 = Debug|Win32
		{4BDE7E5A-9D91-4B62-8F5A-E108B9ED09F5}.Release|x64.ActiveCfg = Release|x64
		{4BDE7E5A-9D91-4B62-8F5A-E108B9ED09F5}.Release|x64.Build.0 = Release|x64
		{4BDE7E5A-9D91-4B62-8F5A-E108B9ED09F5}.Release|x86.ActiveCfg = Release|Win32
		{4BDE7E5A-9D91-4B62-8F5A-E108B9ED09F5}.Release|x86.Build.0 = Release|Win32
	EndGlobalSection
	GlobalSection(SolutionProperties) = preSolution
		HideSolutionNode = FALSE
	EndGlobalSection
	GlobalSection(ExtensibilityGlobals) = postSolution
		SolutionGuid = {D9AA6545-602F-40BA-86FF-8527EED82BB3}
	EndGlobalSection
EndGlobal
